// !$*UTF8*$!
{
	archiveVersion = 1;
	classes = {
	};
	objectVersion = 46;
	objects = {

/* Begin PBXBuildFile section */
		C880536A16F2B80E009C81F7 /* Foundation.framework in Frameworks */ = {isa = PBXBuildFile; fileRef = C880536916F2B80E009C81F7 /* Foundation.framework */; };
		C880537016F2B80E009C81F7 /* InfoPlist.strings in Resources */ = {isa = PBXBuildFile; fileRef = C880536E16F2B80E009C81F7 /* InfoPlist.strings */; };
		C88053C916F2B84A009C81F7 /* ASIAuthenticationDialog.h in Headers */ = {isa = PBXBuildFile; fileRef = C880537716F2B84A009C81F7 /* ASIAuthenticationDialog.h */; settings = {ATTRIBUTES = (Public, ); }; };
		C88053CA16F2B84A009C81F7 /* ASIAuthenticationDialog.m in Sources */ = {isa = PBXBuildFile; fileRef = C880537816F2B84A009C81F7 /* ASIAuthenticationDialog.m */; };
		C88053CB16F2B84A009C81F7 /* ASICacheDelegate.h in Headers */ = {isa = PBXBuildFile; fileRef = C880537916F2B84A009C81F7 /* ASICacheDelegate.h */; settings = {ATTRIBUTES = (Public, ); }; };
		C88053CC16F2B84A009C81F7 /* ASIDataCompressor.h in Headers */ = {isa = PBXBuildFile; fileRef = C880537A16F2B84A009C81F7 /* ASIDataCompressor.h */; settings = {ATTRIBUTES = (Public, ); }; };
		C88053CD16F2B84A009C81F7 /* ASIDataCompressor.m in Sources */ = {isa = PBXBuildFile; fileRef = C880537B16F2B84A009C81F7 /* ASIDataCompressor.m */; };
		C88053CE16F2B84A009C81F7 /* ASIDataDecompressor.h in Headers */ = {isa = PBXBuildFile; fileRef = C880537C16F2B84A009C81F7 /* ASIDataDecompressor.h */; settings = {ATTRIBUTES = (Public, ); }; };
		C88053CF16F2B84A009C81F7 /* ASIDataDecompressor.m in Sources */ = {isa = PBXBuildFile; fileRef = C880537D16F2B84A009C81F7 /* ASIDataDecompressor.m */; };
		C88053D016F2B84A009C81F7 /* ASIDownloadCache.h in Headers */ = {isa = PBXBuildFile; fileRef = C880537E16F2B84A009C81F7 /* ASIDownloadCache.h */; settings = {ATTRIBUTES = (Public, ); }; };
		C88053D116F2B84A009C81F7 /* ASIDownloadCache.m in Sources */ = {isa = PBXBuildFile; fileRef = C880537F16F2B84A009C81F7 /* ASIDownloadCache.m */; };
		C88053D216F2B84A009C81F7 /* ASIFormDataRequest.h in Headers */ = {isa = PBXBuildFile; fileRef = C880538016F2B84A009C81F7 /* ASIFormDataRequest.h */; settings = {ATTRIBUTES = (Public, ); }; };
		C88053D316F2B84A009C81F7 /* ASIFormDataRequest.m in Sources */ = {isa = PBXBuildFile; fileRef = C880538116F2B84A009C81F7 /* ASIFormDataRequest.m */; };
		C88053D416F2B84A009C81F7 /* ASIHTTPRequest.h in Headers */ = {isa = PBXBuildFile; fileRef = C880538216F2B84A009C81F7 /* ASIHTTPRequest.h */; settings = {ATTRIBUTES = (Public, ); }; };
		C88053D516F2B84A009C81F7 /* ASIHTTPRequest.m in Sources */ = {isa = PBXBuildFile; fileRef = C880538316F2B84A009C81F7 /* ASIHTTPRequest.m */; };
		C88053D616F2B84A009C81F7 /* ASIHTTPRequestConfig.h in Headers */ = {isa = PBXBuildFile; fileRef = C880538416F2B84A009C81F7 /* ASIHTTPRequestConfig.h */; settings = {ATTRIBUTES = (Public, ); }; };
		C88053D716F2B84A009C81F7 /* ASIHTTPRequestDelegate.h in Headers */ = {isa = PBXBuildFile; fileRef = C880538516F2B84A009C81F7 /* ASIHTTPRequestDelegate.h */; settings = {ATTRIBUTES = (Public, ); }; };
		C88053D816F2B84A009C81F7 /* ASIInputStream.h in Headers */ = {isa = PBXBuildFile; fileRef = C880538616F2B84A009C81F7 /* ASIInputStream.h */; settings = {ATTRIBUTES = (Public, ); }; };
		C88053D916F2B84A009C81F7 /* ASIInputStream.m in Sources */ = {isa = PBXBuildFile; fileRef = C880538716F2B84A009C81F7 /* ASIInputStream.m */; };
		C88053DA16F2B84A009C81F7 /* ASINetworkQueue.h in Headers */ = {isa = PBXBuildFile; fileRef = C880538816F2B84A009C81F7 /* ASINetworkQueue.h */; settings = {ATTRIBUTES = (Public, ); }; };
		C88053DB16F2B84A009C81F7 /* ASINetworkQueue.m in Sources */ = {isa = PBXBuildFile; fileRef = C880538916F2B84A009C81F7 /* ASINetworkQueue.m */; };
		C88053DC16F2B84A009C81F7 /* ASIProgressDelegate.h in Headers */ = {isa = PBXBuildFile; fileRef = C880538A16F2B84A009C81F7 /* ASIProgressDelegate.h */; settings = {ATTRIBUTES = (Public, ); }; };
		C88053DD16F2B84A009C81F7 /* ASIWebPageRequest.h in Headers */ = {isa = PBXBuildFile; fileRef = C880538C16F2B84A009C81F7 /* ASIWebPageRequest.h */; settings = {ATTRIBUTES = (Public, ); }; };
		C88053DE16F2B84A009C81F7 /* ASIWebPageRequest.m in Sources */ = {isa = PBXBuildFile; fileRef = C880538D16F2B84A009C81F7 /* ASIWebPageRequest.m */; };
		C88053DF16F2B84A009C81F7 /* ASICloudFilesCDNRequest.h in Headers */ = {isa = PBXBuildFile; fileRef = C880538F16F2B84A009C81F7 /* ASICloudFilesCDNRequest.h */; settings = {ATTRIBUTES = (Public, ); }; };
		C88053E016F2B84A009C81F7 /* ASICloudFilesCDNRequest.m in Sources */ = {isa = PBXBuildFile; fileRef = C880539016F2B84A009C81F7 /* ASICloudFilesCDNRequest.m */; };
		C88053E116F2B84A009C81F7 /* ASICloudFilesContainer.h in Headers */ = {isa = PBXBuildFile; fileRef = C880539116F2B84A009C81F7 /* ASICloudFilesContainer.h */; settings = {ATTRIBUTES = (Public, ); }; };
		C88053E216F2B84A009C81F7 /* ASICloudFilesContainer.m in Sources */ = {isa = PBXBuildFile; fileRef = C880539216F2B84A009C81F7 /* ASICloudFilesContainer.m */; };
		C88053E316F2B84A009C81F7 /* ASICloudFilesContainerRequest.h in Headers */ = {isa = PBXBuildFile; fileRef = C880539316F2B84A009C81F7 /* ASICloudFilesContainerRequest.h */; settings = {ATTRIBUTES = (Public, ); }; };
		C88053E416F2B84A009C81F7 /* ASICloudFilesContainerRequest.m in Sources */ = {isa = PBXBuildFile; fileRef = C880539416F2B84A009C81F7 /* ASICloudFilesContainerRequest.m */; };
		C88053E516F2B84A009C81F7 /* ASICloudFilesContainerXMLParserDelegate.h in Headers */ = {isa = PBXBuildFile; fileRef = C880539516F2B84A009C81F7 /* ASICloudFilesContainerXMLParserDelegate.h */; settings = {ATTRIBUTES = (Public, ); }; };
		C88053E616F2B84A009C81F7 /* ASICloudFilesContainerXMLParserDelegate.m in Sources */ = {isa = PBXBuildFile; fileRef = C880539616F2B84A009C81F7 /* ASICloudFilesContainerXMLParserDelegate.m */; };
		C88053E716F2B84A009C81F7 /* ASICloudFilesObject.h in Headers */ = {isa = PBXBuildFile; fileRef = C880539716F2B84A009C81F7 /* ASICloudFilesObject.h */; settings = {ATTRIBUTES = (Public, ); }; };
		C88053E816F2B84A009C81F7 /* ASICloudFilesObject.m in Sources */ = {isa = PBXBuildFile; fileRef = C880539816F2B84A009C81F7 /* ASICloudFilesObject.m */; };
		C88053E916F2B84A009C81F7 /* ASICloudFilesObjectRequest.h in Headers */ = {isa = PBXBuildFile; fileRef = C880539916F2B84A009C81F7 /* ASICloudFilesObjectRequest.h */; settings = {ATTRIBUTES = (Public, ); }; };
		C88053EA16F2B84A009C81F7 /* ASICloudFilesObjectRequest.m in Sources */ = {isa = PBXBuildFile; fileRef = C880539A16F2B84A009C81F7 /* ASICloudFilesObjectRequest.m */; };
		C88053EB16F2B84A009C81F7 /* ASICloudFilesRequest.h in Headers */ = {isa = PBXBuildFile; fileRef = C880539B16F2B84A009C81F7 /* ASICloudFilesRequest.h */; settings = {ATTRIBUTES = (Public, ); }; };
		C88053EC16F2B84A009C81F7 /* ASICloudFilesRequest.m in Sources */ = {isa = PBXBuildFile; fileRef = C880539C16F2B84A009C81F7 /* ASICloudFilesRequest.m */; };
		C88053ED16F2B84A009C81F7 /* ASINSXMLParserCompat.h in Headers */ = {isa = PBXBuildFile; fileRef = C880539E16F2B84A009C81F7 /* ASINSXMLParserCompat.h */; settings = {ATTRIBUTES = (Public, ); }; };
		C88053EE16F2B84A009C81F7 /* ASIS3Bucket.h in Headers */ = {isa = PBXBuildFile; fileRef = C880539F16F2B84A009C81F7 /* ASIS3Bucket.h */; settings = {ATTRIBUTES = (Public, ); }; };
		C88053EF16F2B84A009C81F7 /* ASIS3Bucket.m in Sources */ = {isa = PBXBuildFile; fileRef = C88053A016F2B84A009C81F7 /* ASIS3Bucket.m */; };
		C88053F016F2B84A009C81F7 /* ASIS3BucketObject.h in Headers */ = {isa = PBXBuildFile; fileRef = C88053A116F2B84A009C81F7 /* ASIS3BucketObject.h */; settings = {ATTRIBUTES = (Public, ); }; };
		C88053F116F2B84A009C81F7 /* ASIS3BucketObject.m in Sources */ = {isa = PBXBuildFile; fileRef = C88053A216F2B84A009C81F7 /* ASIS3BucketObject.m */; };
		C88053F216F2B84A009C81F7 /* ASIS3BucketRequest.h in Headers */ = {isa = PBXBuildFile; fileRef = C88053A316F2B84A009C81F7 /* ASIS3BucketRequest.h */; settings = {ATTRIBUTES = (Public, ); }; };
		C88053F316F2B84A009C81F7 /* ASIS3BucketRequest.m in Sources */ = {isa = PBXBuildFile; fileRef = C88053A416F2B84A009C81F7 /* ASIS3BucketRequest.m */; };
		C88053F416F2B84A009C81F7 /* ASIS3ObjectRequest.h in Headers */ = {isa = PBXBuildFile; fileRef = C88053A516F2B84A009C81F7 /* ASIS3ObjectRequest.h */; settings = {ATTRIBUTES = (Public, ); }; };
		C88053F516F2B84A009C81F7 /* ASIS3ObjectRequest.m in Sources */ = {isa = PBXBuildFile; fileRef = C88053A616F2B84A009C81F7 /* ASIS3ObjectRequest.m */; };
		C88053F616F2B84A009C81F7 /* ASIS3Request.h in Headers */ = {isa = PBXBuildFile; fileRef = C88053A716F2B84A009C81F7 /* ASIS3Request.h */; settings = {ATTRIBUTES = (Public, ); }; };
		C88053F716F2B84A009C81F7 /* ASIS3Request.m in Sources */ = {isa = PBXBuildFile; fileRef = C88053A816F2B84A009C81F7 /* ASIS3Request.m */; };
		C88053F816F2B84A009C81F7 /* ASIS3ServiceRequest.h in Headers */ = {isa = PBXBuildFile; fileRef = C88053A916F2B84A009C81F7 /* ASIS3ServiceRequest.h */; settings = {ATTRIBUTES = (Public, ); }; };
		C88053F916F2B84A009C81F7 /* ASIS3ServiceRequest.m in Sources */ = {isa = PBXBuildFile; fileRef = C88053AA16F2B84A009C81F7 /* ASIS3ServiceRequest.m */; };
		C880541816F2B863009C81F7 /* CFNetwork.framework in Frameworks */ = {isa = PBXBuildFile; fileRef = C880541716F2B863009C81F7 /* CFNetwork.framework */; };
		C880542016F2B8AD009C81F7 /* CoreGraphics.framework in Frameworks */ = {isa = PBXBuildFile; fileRef = C880541F16F2B8AD009C81F7 /* CoreGraphics.framework */; };
		C880542216F2B8BC009C81F7 /* SystemConfiguration.framework in Frameworks */ = {isa = PBXBuildFile; fileRef = C880542116F2B8BC009C81F7 /* SystemConfiguration.framework */; };
		C880542816F2B8DA009C81F7 /* UIKit.framework in Frameworks */ = {isa = PBXBuildFile; fileRef = C880542716F2B8DA009C81F7 /* UIKit.framework */; };
		C880542C16F2B9C1009C81F7 /* Reachability.h in Headers */ = {isa = PBXBuildFile; fileRef = C880542A16F2B9C1009C81F7 /* Reachability.h */; settings = {ATTRIBUTES = (Public, ); }; };
		C880542D16F2B9C1009C81F7 /* Reachability.m in Sources */ = {isa = PBXBuildFile; fileRef = C880542B16F2B9C1009C81F7 /* Reachability.m */; };
		C880543516F2BBE8009C81F7 /* libz.1.1.3.dylib in Frameworks */ = {isa = PBXBuildFile; fileRef = C880543416F2BBE8009C81F7 /* libz.1.1.3.dylib */; };
/* End PBXBuildFile section */

/* Begin PBXFileReference section */
		C880536616F2B80E009C81F7 /* ASIHTTPRequest.framework */ = {isa = PBXFileReference; explicitFileType = wrapper.framework.static; includeInIndex = 0; path = ASIHTTPRequest.framework; sourceTree = BUILT_PRODUCTS_DIR; };
		C880536916F2B80E009C81F7 /* Foundation.framework */ = {isa = PBXFileReference; lastKnownFileType = wrapper.framework; name = Foundation.framework; path = System/Library/Frameworks/Foundation.framework; sourceTree = SDKROOT; };
		C880536D16F2B80E009C81F7 /* ASIHTTPRequest-Info.plist */ = {isa = PBXFileReference; lastKnownFileType = text.plist.xml; path = "ASIHTTPRequest-Info.plist"; sourceTree = "<group>"; };
		C880536F16F2B80E009C81F7 /* en */ = {isa = PBXFileReference; lastKnownFileType = text.plist.strings; name = en; path = en.lproj/InfoPlist.strings; sourceTree = "<group>"; };
		C880537116F2B80E009C81F7 /* ASIHTTPRequest-Prefix.pch */ = {isa = PBXFileReference; lastKnownFileType = sourcecode.c.h; path = "ASIHTTPRequest-Prefix.pch"; sourceTree = "<group>"; };
		C880537716F2B84A009C81F7 /* ASIAuthenticationDialog.h */ = {isa = PBXFileReference; fileEncoding = 4; lastKnownFileType = sourcecode.c.h; path = ASIAuthenticationDialog.h; sourceTree = "<group>"; };
		C880537816F2B84A009C81F7 /* ASIAuthenticationDialog.m */ = {isa = PBXFileReference; fileEncoding = 4; lastKnownFileType = sourcecode.c.objc; path = ASIAuthenticationDialog.m; sourceTree = "<group>"; };
		C880537916F2B84A009C81F7 /* ASICacheDelegate.h */ = {isa = PBXFileReference; fileEncoding = 4; lastKnownFileType = sourcecode.c.h; path = ASICacheDelegate.h; sourceTree = "<group>"; };
		C880537A16F2B84A009C81F7 /* ASIDataCompressor.h */ = {isa = PBXFileReference; fileEncoding = 4; lastKnownFileType = sourcecode.c.h; path = ASIDataCompressor.h; sourceTree = "<group>"; };
		C880537B16F2B84A009C81F7 /* ASIDataCompressor.m */ = {isa = PBXFileReference; fileEncoding = 4; lastKnownFileType = sourcecode.c.objc; path = ASIDataCompressor.m; sourceTree = "<group>"; };
		C880537C16F2B84A009C81F7 /* ASIDataDecompressor.h */ = {isa = PBXFileReference; fileEncoding = 4; lastKnownFileType = sourcecode.c.h; path = ASIDataDecompressor.h; sourceTree = "<group>"; };
		C880537D16F2B84A009C81F7 /* ASIDataDecompressor.m */ = {isa = PBXFileReference; fileEncoding = 4; lastKnownFileType = sourcecode.c.objc; path = ASIDataDecompressor.m; sourceTree = "<group>"; };
		C880537E16F2B84A009C81F7 /* ASIDownloadCache.h */ = {isa = PBXFileReference; fileEncoding = 4; lastKnownFileType = sourcecode.c.h; path = ASIDownloadCache.h; sourceTree = "<group>"; };
		C880537F16F2B84A009C81F7 /* ASIDownloadCache.m */ = {isa = PBXFileReference; fileEncoding = 4; lastKnownFileType = sourcecode.c.objc; path = ASIDownloadCache.m; sourceTree = "<group>"; };
		C880538016F2B84A009C81F7 /* ASIFormDataRequest.h */ = {isa = PBXFileReference; fileEncoding = 4; lastKnownFileType = sourcecode.c.h; path = ASIFormDataRequest.h; sourceTree = "<group>"; };
		C880538116F2B84A009C81F7 /* ASIFormDataRequest.m */ = {isa = PBXFileReference; fileEncoding = 4; lastKnownFileType = sourcecode.c.objc; path = ASIFormDataRequest.m; sourceTree = "<group>"; };
		C880538216F2B84A009C81F7 /* ASIHTTPRequest.h */ = {isa = PBXFileReference; fileEncoding = 4; lastKnownFileType = sourcecode.c.h; path = ASIHTTPRequest.h; sourceTree = "<group>"; };
		C880538316F2B84A009C81F7 /* ASIHTTPRequest.m */ = {isa = PBXFileReference; fileEncoding = 4; lastKnownFileType = sourcecode.c.objc; path = ASIHTTPRequest.m; sourceTree = "<group>"; };
		C880538416F2B84A009C81F7 /* ASIHTTPRequestConfig.h */ = {isa = PBXFileReference; fileEncoding = 4; lastKnownFileType = sourcecode.c.h; path = ASIHTTPRequestConfig.h; sourceTree = "<group>"; };
		C880538516F2B84A009C81F7 /* ASIHTTPRequestDelegate.h */ = {isa = PBXFileReference; fileEncoding = 4; lastKnownFileType = sourcecode.c.h; path = ASIHTTPRequestDelegate.h; sourceTree = "<group>"; };
		C880538616F2B84A009C81F7 /* ASIInputStream.h */ = {isa = PBXFileReference; fileEncoding = 4; lastKnownFileType = sourcecode.c.h; path = ASIInputStream.h; sourceTree = "<group>"; };
		C880538716F2B84A009C81F7 /* ASIInputStream.m */ = {isa = PBXFileReference; fileEncoding = 4; lastKnownFileType = sourcecode.c.objc; path = ASIInputStream.m; sourceTree = "<group>"; };
		C880538816F2B84A009C81F7 /* ASINetworkQueue.h */ = {isa = PBXFileReference; fileEncoding = 4; lastKnownFileType = sourcecode.c.h; path = ASINetworkQueue.h; sourceTree = "<group>"; };
		C880538916F2B84A009C81F7 /* ASINetworkQueue.m */ = {isa = PBXFileReference; fileEncoding = 4; lastKnownFileType = sourcecode.c.objc; path = ASINetworkQueue.m; sourceTree = "<group>"; };
		C880538A16F2B84A009C81F7 /* ASIProgressDelegate.h */ = {isa = PBXFileReference; fileEncoding = 4; lastKnownFileType = sourcecode.c.h; path = ASIProgressDelegate.h; sourceTree = "<group>"; };
		C880538C16F2B84A009C81F7 /* ASIWebPageRequest.h */ = {isa = PBXFileReference; fileEncoding = 4; lastKnownFileType = sourcecode.c.h; path = ASIWebPageRequest.h; sourceTree = "<group>"; };
		C880538D16F2B84A009C81F7 /* ASIWebPageRequest.m */ = {isa = PBXFileReference; fileEncoding = 4; lastKnownFileType = sourcecode.c.objc; path = ASIWebPageRequest.m; sourceTree = "<group>"; };
		C880538F16F2B84A009C81F7 /* ASICloudFilesCDNRequest.h */ = {isa = PBXFileReference; fileEncoding = 4; lastKnownFileType = sourcecode.c.h; path = ASICloudFilesCDNRequest.h; sourceTree = "<group>"; };
		C880539016F2B84A009C81F7 /* ASICloudFilesCDNRequest.m */ = {isa = PBXFileReference; fileEncoding = 4; lastKnownFileType = sourcecode.c.objc; path = ASICloudFilesCDNRequest.m; sourceTree = "<group>"; };
		C880539116F2B84A009C81F7 /* ASICloudFilesContainer.h */ = {isa = PBXFileReference; fileEncoding = 4; lastKnownFileType = sourcecode.c.h; path = ASICloudFilesContainer.h; sourceTree = "<group>"; };
		C880539216F2B84A009C81F7 /* ASICloudFilesContainer.m */ = {isa = PBXFileReference; fileEncoding = 4; lastKnownFileType = sourcecode.c.objc; path = ASICloudFilesContainer.m; sourceTree = "<group>"; };
		C880539316F2B84A009C81F7 /* ASICloudFilesContainerRequest.h */ = {isa = PBXFileReference; fileEncoding = 4; lastKnownFileType = sourcecode.c.h; path = ASICloudFilesContainerRequest.h; sourceTree = "<group>"; };
		C880539416F2B84A009C81F7 /* ASICloudFilesContainerRequest.m */ = {isa = PBXFileReference; fileEncoding = 4; lastKnownFileType = sourcecode.c.objc; path = ASICloudFilesContainerRequest.m; sourceTree = "<group>"; };
		C880539516F2B84A009C81F7 /* ASICloudFilesContainerXMLParserDelegate.h */ = {isa = PBXFileReference; fileEncoding = 4; lastKnownFileType = sourcecode.c.h; path = ASICloudFilesContainerXMLParserDelegate.h; sourceTree = "<group>"; };
		C880539616F2B84A009C81F7 /* ASICloudFilesContainerXMLParserDelegate.m */ = {isa = PBXFileReference; fileEncoding = 4; lastKnownFileType = sourcecode.c.objc; path = ASICloudFilesContainerXMLParserDelegate.m; sourceTree = "<group>"; };
		C880539716F2B84A009C81F7 /* ASICloudFilesObject.h */ = {isa = PBXFileReference; fileEncoding = 4; lastKnownFileType = sourcecode.c.h; path = ASICloudFilesObject.h; sourceTree = "<group>"; };
		C880539816F2B84A009C81F7 /* ASICloudFilesObject.m */ = {isa = PBXFileReference; fileEncoding = 4; lastKnownFileType = sourcecode.c.objc; path = ASICloudFilesObject.m; sourceTree = "<group>"; };
		C880539916F2B84A009C81F7 /* ASICloudFilesObjectRequest.h */ = {isa = PBXFileReference; fileEncoding = 4; lastKnownFileType = sourcecode.c.h; path = ASICloudFilesObjectRequest.h; sourceTree = "<group>"; };
		C880539A16F2B84A009C81F7 /* ASICloudFilesObjectRequest.m */ = {isa = PBXFileReference; fileEncoding = 4; lastKnownFileType = sourcecode.c.objc; path = ASICloudFilesObjectRequest.m; sourceTree = "<group>"; };
		C880539B16F2B84A009C81F7 /* ASICloudFilesRequest.h */ = {isa = PBXFileReference; fileEncoding = 4; lastKnownFileType = sourcecode.c.h; path = ASICloudFilesRequest.h; sourceTree = "<group>"; };
		C880539C16F2B84A009C81F7 /* ASICloudFilesRequest.m */ = {isa = PBXFileReference; fileEncoding = 4; lastKnownFileType = sourcecode.c.objc; path = ASICloudFilesRequest.m; sourceTree = "<group>"; };
		C880539E16F2B84A009C81F7 /* ASINSXMLParserCompat.h */ = {isa = PBXFileReference; fileEncoding = 4; lastKnownFileType = sourcecode.c.h; path = ASINSXMLParserCompat.h; sourceTree = "<group>"; };
		C880539F16F2B84A009C81F7 /* ASIS3Bucket.h */ = {isa = PBXFileReference; fileEncoding = 4; lastKnownFileType = sourcecode.c.h; path = ASIS3Bucket.h; sourceTree = "<group>"; };
		C88053A016F2B84A009C81F7 /* ASIS3Bucket.m */ = {isa = PBXFileReference; fileEncoding = 4; lastKnownFileType = sourcecode.c.objc; path = ASIS3Bucket.m; sourceTree = "<group>"; };
		C88053A116F2B84A009C81F7 /* ASIS3BucketObject.h */ = {isa = PBXFileReference; fileEncoding = 4; lastKnownFileType = sourcecode.c.h; path = ASIS3BucketObject.h; sourceTree = "<group>"; };
		C88053A216F2B84A009C81F7 /* ASIS3BucketObject.m */ = {isa = PBXFileReference; fileEncoding = 4; lastKnownFileType = sourcecode.c.objc; path = ASIS3BucketObject.m; sourceTree = "<group>"; };
		C88053A316F2B84A009C81F7 /* ASIS3BucketRequest.h */ = {isa = PBXFileReference; fileEncoding = 4; lastKnownFileType = sourcecode.c.h; path = ASIS3BucketRequest.h; sourceTree = "<group>"; };
		C88053A416F2B84A009C81F7 /* ASIS3BucketRequest.m */ = {isa = PBXFileReference; fileEncoding = 4; lastKnownFileType = sourcecode.c.objc; path = ASIS3BucketRequest.m; sourceTree = "<group>"; };
		C88053A516F2B84A009C81F7 /* ASIS3ObjectRequest.h */ = {isa = PBXFileReference; fileEncoding = 4; lastKnownFileType = sourcecode.c.h; path = ASIS3ObjectRequest.h; sourceTree = "<group>"; };
		C88053A616F2B84A009C81F7 /* ASIS3ObjectRequest.m */ = {isa = PBXFileReference; fileEncoding = 4; lastKnownFileType = sourcecode.c.objc; path = ASIS3ObjectRequest.m; sourceTree = "<group>"; };
		C88053A716F2B84A009C81F7 /* ASIS3Request.h */ = {isa = PBXFileReference; fileEncoding = 4; lastKnownFileType = sourcecode.c.h; path = ASIS3Request.h; sourceTree = "<group>"; };
		C88053A816F2B84A009C81F7 /* ASIS3Request.m */ = {isa = PBXFileReference; fileEncoding = 4; lastKnownFileType = sourcecode.c.objc; path = ASIS3Request.m; sourceTree = "<group>"; };
		C88053A916F2B84A009C81F7 /* ASIS3ServiceRequest.h */ = {isa = PBXFileReference; fileEncoding = 4; lastKnownFileType = sourcecode.c.h; path = ASIS3ServiceRequest.h; sourceTree = "<group>"; };
		C88053AA16F2B84A009C81F7 /* ASIS3ServiceRequest.m */ = {isa = PBXFileReference; fileEncoding = 4; lastKnownFileType = sourcecode.c.objc; path = ASIS3ServiceRequest.m; sourceTree = "<group>"; };
		C880541716F2B863009C81F7 /* CFNetwork.framework */ = {isa = PBXFileReference; lastKnownFileType = wrapper.framework; name = CFNetwork.framework; path = System/Library/Frameworks/CFNetwork.framework; sourceTree = SDKROOT; };
		C880541F16F2B8AD009C81F7 /* CoreGraphics.framework */ = {isa = PBXFileReference; lastKnownFileType = wrapper.framework; name = CoreGraphics.framework; path = System/Library/Frameworks/CoreGraphics.framework; sourceTree = SDKROOT; };
		C880542116F2B8BC009C81F7 /* SystemConfiguration.framework */ = {isa = PBXFileReference; lastKnownFileType = wrapper.framework; name = SystemConfiguration.framework; path = System/Library/Frameworks/SystemConfiguration.framework; sourceTree = SDKROOT; };
		C880542316F2B8C4009C81F7 /* libxml2.dylib */ = {isa = PBXFileReference; lastKnownFileType = "compiled.mach-o.dylib"; name = libxml2.dylib; path = usr/lib/libxml2.dylib; sourceTree = SDKROOT; };
		C880542716F2B8DA009C81F7 /* UIKit.framework */ = {isa = PBXFileReference; lastKnownFileType = wrapper.framework; name = UIKit.framework; path = System/Library/Frameworks/UIKit.framework; sourceTree = SDKROOT; };
		C880542A16F2B9C1009C81F7 /* Reachability.h */ = {isa = PBXFileReference; fileEncoding = 4; lastKnownFileType = sourcecode.c.h; path = Reachability.h; sourceTree = "<group>"; };
		C880542B16F2B9C1009C81F7 /* Reachability.m */ = {isa = PBXFileReference; fileEncoding = 4; lastKnownFileType = sourcecode.c.objc; path = Reachability.m; sourceTree = "<group>"; };
		C880543416F2BBE8009C81F7 /* libz.1.1.3.dylib */ = {isa = PBXFileReference; lastKnownFileType = "compiled.mach-o.dylib"; name = libz.1.1.3.dylib; path = usr/lib/libz.1.1.3.dylib; sourceTree = SDKROOT; };
/* End PBXFileReference section */

/* Begin PBXFrameworksBuildPhase section */
		C880536016F2B80E009C81F7 /* Frameworks */ = {
			isa = PBXFrameworksBuildPhase;
			buildActionMask = 2147483647;
			files = (
				C880543516F2BBE8009C81F7 /* libz.1.1.3.dylib in Frameworks */,
				C880542816F2B8DA009C81F7 /* UIKit.framework in Frameworks */,
				C880542216F2B8BC009C81F7 /* SystemConfiguration.framework in Frameworks */,
				C880536A16F2B80E009C81F7 /* Foundation.framework in Frameworks */,
				C880542016F2B8AD009C81F7 /* CoreGraphics.framework in Frameworks */,
				C880541816F2B863009C81F7 /* CFNetwork.framework in Frameworks */,
			);
			runOnlyForDeploymentPostprocessing = 0;
		};
/* End PBXFrameworksBuildPhase section */

/* Begin PBXGroup section */
		C880535716F2B80E009C81F7 = {
			isa = PBXGroup;
			children = (
				C880543416F2BBE8009C81F7 /* libz.1.1.3.dylib */,
				C880542716F2B8DA009C81F7 /* UIKit.framework */,
				C880542316F2B8C4009C81F7 /* libxml2.dylib */,
				C880542116F2B8BC009C81F7 /* SystemConfiguration.framework */,
				C880541F16F2B8AD009C81F7 /* CoreGraphics.framework */,
				C880541716F2B863009C81F7 /* CFNetwork.framework */,
				C880536B16F2B80E009C81F7 /* ASIHTTPRequest */,
				C880536816F2B80E009C81F7 /* Frameworks */,
				C880536716F2B80E009C81F7 /* Products */,
			);
			sourceTree = "<group>";
		};
		C880536716F2B80E009C81F7 /* Products */ = {
			isa = PBXGroup;
			children = (
				C880536616F2B80E009C81F7 /* ASIHTTPRequest.framework */,
			);
			name = Products;
			sourceTree = "<group>";
		};
		C880536816F2B80E009C81F7 /* Frameworks */ = {
			isa = PBXGroup;
			children = (
				C880536916F2B80E009C81F7 /* Foundation.framework */,
			);
			name = Frameworks;
			sourceTree = "<group>";
		};
		C880536B16F2B80E009C81F7 /* ASIHTTPRequest */ = {
			isa = PBXGroup;
			children = (
				C880542916F2B9C1009C81F7 /* Reachability */,
				C880537716F2B84A009C81F7 /* ASIAuthenticationDialog.h */,
				C880537816F2B84A009C81F7 /* ASIAuthenticationDialog.m */,
				C880537916F2B84A009C81F7 /* ASICacheDelegate.h */,
				C880537A16F2B84A009C81F7 /* ASIDataCompressor.h */,
				C880537B16F2B84A009C81F7 /* ASIDataCompressor.m */,
				C880537C16F2B84A009C81F7 /* ASIDataDecompressor.h */,
				C880537D16F2B84A009C81F7 /* ASIDataDecompressor.m */,
				C880537E16F2B84A009C81F7 /* ASIDownloadCache.h */,
				C880537F16F2B84A009C81F7 /* ASIDownloadCache.m */,
				C880538016F2B84A009C81F7 /* ASIFormDataRequest.h */,
				C880538116F2B84A009C81F7 /* ASIFormDataRequest.m */,
				C880538216F2B84A009C81F7 /* ASIHTTPRequest.h */,
				C880538316F2B84A009C81F7 /* ASIHTTPRequest.m */,
				C880538416F2B84A009C81F7 /* ASIHTTPRequestConfig.h */,
				C880538516F2B84A009C81F7 /* ASIHTTPRequestDelegate.h */,
				C880538616F2B84A009C81F7 /* ASIInputStream.h */,
				C880538716F2B84A009C81F7 /* ASIInputStream.m */,
				C880538816F2B84A009C81F7 /* ASINetworkQueue.h */,
				C880538916F2B84A009C81F7 /* ASINetworkQueue.m */,
				C880538A16F2B84A009C81F7 /* ASIProgressDelegate.h */,
				C880538B16F2B84A009C81F7 /* ASIWebPageRequest */,
				C880538E16F2B84A009C81F7 /* CloudFiles */,
				C880539D16F2B84A009C81F7 /* S3 */,
				C880536C16F2B80E009C81F7 /* Supporting Files */,
			);
			path = ASIHTTPRequest;
			sourceTree = "<group>";
		};
		C880536C16F2B80E009C81F7 /* Supporting Files */ = {
			isa = PBXGroup;
			children = (
				C880536D16F2B80E009C81F7 /* ASIHTTPRequest-Info.plist */,
				C880536E16F2B80E009C81F7 /* InfoPlist.strings */,
				C880537116F2B80E009C81F7 /* ASIHTTPRequest-Prefix.pch */,
			);
			name = "Supporting Files";
			sourceTree = "<group>";
		};
		C880538B16F2B84A009C81F7 /* ASIWebPageRequest */ = {
			isa = PBXGroup;
			children = (
				C880538C16F2B84A009C81F7 /* ASIWebPageRequest.h */,
				C880538D16F2B84A009C81F7 /* ASIWebPageRequest.m */,
			);
			path = ASIWebPageRequest;
			sourceTree = "<group>";
		};
		C880538E16F2B84A009C81F7 /* CloudFiles */ = {
			isa = PBXGroup;
			children = (
				C880538F16F2B84A009C81F7 /* ASICloudFilesCDNRequest.h */,
				C880539016F2B84A009C81F7 /* ASICloudFilesCDNRequest.m */,
				C880539116F2B84A009C81F7 /* ASICloudFilesContainer.h */,
				C880539216F2B84A009C81F7 /* ASICloudFilesContainer.m */,
				C880539316F2B84A009C81F7 /* ASICloudFilesContainerRequest.h */,
				C880539416F2B84A009C81F7 /* ASICloudFilesContainerRequest.m */,
				C880539516F2B84A009C81F7 /* ASICloudFilesContainerXMLParserDelegate.h */,
				C880539616F2B84A009C81F7 /* ASICloudFilesContainerXMLParserDelegate.m */,
				C880539716F2B84A009C81F7 /* ASICloudFilesObject.h */,
				C880539816F2B84A009C81F7 /* ASICloudFilesObject.m */,
				C880539916F2B84A009C81F7 /* ASICloudFilesObjectRequest.h */,
				C880539A16F2B84A009C81F7 /* ASICloudFilesObjectRequest.m */,
				C880539B16F2B84A009C81F7 /* ASICloudFilesRequest.h */,
				C880539C16F2B84A009C81F7 /* ASICloudFilesRequest.m */,
			);
			path = CloudFiles;
			sourceTree = "<group>";
		};
		C880539D16F2B84A009C81F7 /* S3 */ = {
			isa = PBXGroup;
			children = (
				C880539E16F2B84A009C81F7 /* ASINSXMLParserCompat.h */,
				C880539F16F2B84A009C81F7 /* ASIS3Bucket.h */,
				C88053A016F2B84A009C81F7 /* ASIS3Bucket.m */,
				C88053A116F2B84A009C81F7 /* ASIS3BucketObject.h */,
				C88053A216F2B84A009C81F7 /* ASIS3BucketObject.m */,
				C88053A316F2B84A009C81F7 /* ASIS3BucketRequest.h */,
				C88053A416F2B84A009C81F7 /* ASIS3BucketRequest.m */,
				C88053A516F2B84A009C81F7 /* ASIS3ObjectRequest.h */,
				C88053A616F2B84A009C81F7 /* ASIS3ObjectRequest.m */,
				C88053A716F2B84A009C81F7 /* ASIS3Request.h */,
				C88053A816F2B84A009C81F7 /* ASIS3Request.m */,
				C88053A916F2B84A009C81F7 /* ASIS3ServiceRequest.h */,
				C88053AA16F2B84A009C81F7 /* ASIS3ServiceRequest.m */,
			);
			path = S3;
			sourceTree = "<group>";
		};
		C880542916F2B9C1009C81F7 /* Reachability */ = {
			isa = PBXGroup;
			children = (
				C880542A16F2B9C1009C81F7 /* Reachability.h */,
				C880542B16F2B9C1009C81F7 /* Reachability.m */,
			);
			path = Reachability;
			sourceTree = "<group>";
		};
/* End PBXGroup section */

/* Begin PBXHeadersBuildPhase section */
		C880536116F2B80E009C81F7 /* Headers */ = {
			isa = PBXHeadersBuildPhase;
			buildActionMask = 2147483647;
			files = (
				C88053C916F2B84A009C81F7 /* ASIAuthenticationDialog.h in Headers */,
				C88053CB16F2B84A009C81F7 /* ASICacheDelegate.h in Headers */,
				C88053CC16F2B84A009C81F7 /* ASIDataCompressor.h in Headers */,
				C88053CE16F2B84A009C81F7 /* ASIDataDecompressor.h in Headers */,
				C88053D016F2B84A009C81F7 /* ASIDownloadCache.h in Headers */,
				C88053D216F2B84A009C81F7 /* ASIFormDataRequest.h in Headers */,
				C88053D416F2B84A009C81F7 /* ASIHTTPRequest.h in Headers */,
				C88053D616F2B84A009C81F7 /* ASIHTTPRequestConfig.h in Headers */,
				C88053D716F2B84A009C81F7 /* ASIHTTPRequestDelegate.h in Headers */,
				C88053D816F2B84A009C81F7 /* ASIInputStream.h in Headers */,
				C88053DA16F2B84A009C81F7 /* ASINetworkQueue.h in Headers */,
				C88053DC16F2B84A009C81F7 /* ASIProgressDelegate.h in Headers */,
				C88053DD16F2B84A009C81F7 /* ASIWebPageRequest.h in Headers */,
				C88053DF16F2B84A009C81F7 /* ASICloudFilesCDNRequest.h in Headers */,
				C88053E116F2B84A009C81F7 /* ASICloudFilesContainer.h in Headers */,
				C88053E316F2B84A009C81F7 /* ASICloudFilesContainerRequest.h in Headers */,
				C88053E516F2B84A009C81F7 /* ASICloudFilesContainerXMLParserDelegate.h in Headers */,
				C88053E716F2B84A009C81F7 /* ASICloudFilesObject.h in Headers */,
				C88053E916F2B84A009C81F7 /* ASICloudFilesObjectRequest.h in Headers */,
				C88053EB16F2B84A009C81F7 /* ASICloudFilesRequest.h in Headers */,
				C88053ED16F2B84A009C81F7 /* ASINSXMLParserCompat.h in Headers */,
				C88053EE16F2B84A009C81F7 /* ASIS3Bucket.h in Headers */,
				C88053F016F2B84A009C81F7 /* ASIS3BucketObject.h in Headers */,
				C88053F216F2B84A009C81F7 /* ASIS3BucketRequest.h in Headers */,
				C88053F416F2B84A009C81F7 /* ASIS3ObjectRequest.h in Headers */,
				C88053F616F2B84A009C81F7 /* ASIS3Request.h in Headers */,
				C88053F816F2B84A009C81F7 /* ASIS3ServiceRequest.h in Headers */,
				C880542C16F2B9C1009C81F7 /* Reachability.h in Headers */,
			);
			runOnlyForDeploymentPostprocessing = 0;
		};
/* End PBXHeadersBuildPhase section */

/* Begin PBXNativeTarget section */
		C880536516F2B80E009C81F7 /* ASIHTTPRequest */ = {
			isa = PBXNativeTarget;
			buildConfigurationList = C880537416F2B80E009C81F7 /* Build configuration list for PBXNativeTarget "ASIHTTPRequest" */;
			buildPhases = (
				C880535E16F2B80E009C81F7 /* ShellScript */,
				C880535F16F2B80E009C81F7 /* Sources */,
				C880536016F2B80E009C81F7 /* Frameworks */,
				C880536116F2B80E009C81F7 /* Headers */,
				C880536216F2B80E009C81F7 /* Resources */,
				C880536316F2B80E009C81F7 /* ShellScript */,
				C880536416F2B80E009C81F7 /* ShellScript */,
			);
			buildRules = (
			);
			dependencies = (
			);
			name = ASIHTTPRequest;
			productName = ASIHTTPRequest;
			productReference = C880536616F2B80E009C81F7 /* ASIHTTPRequest.framework */;
			productType = "com.apple.product-type.framework.static";
		};
/* End PBXNativeTarget section */

/* Begin PBXProject section */
		C880535916F2B80E009C81F7 /* Project object */ = {
			isa = PBXProject;
			attributes = {
				LastUpgradeCheck = 0450;
				ORGANIZATIONNAME = ASIHTTPRequest;
			};
			buildConfigurationList = C880535C16F2B80E009C81F7 /* Build configuration list for PBXProject "ASIHTTPRequest" */;
			compatibilityVersion = "Xcode 3.2";
			developmentRegion = English;
			hasScannedForEncodings = 0;
			knownRegions = (
				en,
			);
			mainGroup = C880535716F2B80E009C81F7;
			productRefGroup = C880536716F2B80E009C81F7 /* Products */;
			projectDirPath = "";
			projectRoot = "";
			targets = (
				C880536516F2B80E009C81F7 /* ASIHTTPRequest */,
			);
		};
/* End PBXProject section */

/* Begin PBXResourcesBuildPhase section */
		C880536216F2B80E009C81F7 /* Resources */ = {
			isa = PBXResourcesBuildPhase;
			buildActionMask = 2147483647;
			files = (
				C880537016F2B80E009C81F7 /* InfoPlist.strings in Resources */,
			);
			runOnlyForDeploymentPostprocessing = 0;
		};
/* End PBXResourcesBuildPhase section */

/* Begin PBXShellScriptBuildPhase section */
		C880535E16F2B80E009C81F7 /* ShellScript */ = {
			isa = PBXShellScriptBuildPhase;
			buildActionMask = 2147483647;
			files = (
			);
			inputPaths = (
			);
			outputPaths = (
			);
			runOnlyForDeploymentPostprocessing = 0;
			shellPath = /bin/sh;
			shellScript = "set -e\n\nset +u\nif [[ $UFW_MASTER_SCRIPT_RUNNING ]]\nthen\n    # Nothing for the slave script to do\n    exit 0\nfi\nset -u\n\nif [[ \"$SDK_NAME\" =~ ([A-Za-z]+) ]]\nthen\n    UFW_SDK_PLATFORM=${BASH_REMATCH[1]}\nelse\n    echo \"Could not find platform name from SDK_NAME: $SDK_NAME\"\n    exit 1\nfi\n\nif [[ \"$SDK_NAME\" =~ ([0-9]+.*$) ]]\nthen\n\tUFW_SDK_VERSION=${BASH_REMATCH[1]}\nelse\n    echo \"Could not find sdk version  from SDK_NAME: $SDK_NAME\"\n    exit 1\nfi\n\nif [[ \"$UFW_SDK_PLATFORM\" = \"iphoneos\" ]]\nthen\n    UFW_OTHER_PLATFORM=iphonesimulator\nelse\n    UFW_OTHER_PLATFORM=iphoneos\nfi\n\nif [[ \"$BUILT_PRODUCTS_DIR\" =~ (.*)$UFW_SDK_PLATFORM$ ]]\nthen\n    UFW_OTHER_BUILT_PRODUCTS_DIR=\"${BASH_REMATCH[1]}${UFW_OTHER_PLATFORM}\"\nelse\n    echo \"Could not find $UFW_SDK_PLATFORM in $BUILT_PRODUCTS_DIR\"\n    exit 1\nfi\n\nONLY_ACTIVE_PLATFORM=${ONLY_ACTIVE_PLATFORM:-$ONLY_ACTIVE_ARCH}\n\n# Short-circuit if all binaries are up to date\n\nif [[ -f \"${BUILT_PRODUCTS_DIR}/${EXECUTABLE_PATH}\" ]] && \\\n   [[ -f \"${BUILT_PRODUCTS_DIR}/${PRODUCT_NAME}.embeddedframework/${EXECUTABLE_PATH}\" ]] && \\\n   [[ ! \"${BUILT_PRODUCTS_DIR}/${EXECUTABLE_PATH}\" -nt \"${BUILT_PRODUCTS_DIR}/${PRODUCT_NAME}.embeddedframework/${EXECUTABLE_PATH}\" ]] && \\\n  ([[ \"${ONLY_ACTIVE_PLATFORM}\" == \"YES\" ]] || \\\n    ([[ -f \"${UFW_OTHER_BUILT_PRODUCTS_DIR}/${EXECUTABLE_PATH}\" ]] && \\\n     [[ -f \"${UFW_OTHER_BUILT_PRODUCTS_DIR}/${PRODUCT_NAME}.embeddedframework/${EXECUTABLE_PATH}\" ]] && \\\n     [[ ! \"${UFW_OTHER_BUILT_PRODUCTS_DIR}/${EXECUTABLE_PATH}\" -nt \"${UFW_OTHER_BUILT_PRODUCTS_DIR}/${PRODUCT_NAME}.embeddedframework/${EXECUTABLE_PATH}\" ]]\n    )\n  )\nthen\n    exit 0\nfi\n\n\n# Clean other platform if needed\n\nif [[ ! -f \"${BUILT_PRODUCTS_DIR}/${EXECUTABLE_PATH}\" ]] && [[ \"${ONLY_ACTIVE_PLATFORM}\" != \"YES\" ]]\nthen\n\techo \"Platform \\\"$UFW_SDK_PLATFORM\\\" was cleaned recently. Cleaning \\\"$UFW_OTHER_PLATFORM\\\" as well\"\n\techo xcodebuild -project \"${PROJECT_FILE_PATH}\" -target \"${TARGET_NAME}\" -configuration \"${CONFIGURATION}\" -sdk ${UFW_OTHER_PLATFORM}${UFW_SDK_VERSION} BUILD_DIR=\"${BUILD_DIR}\" CONFIGURATION_TEMP_DIR=\"${PROJECT_TEMP_DIR}/${CONFIGURATION}-${UFW_OTHER_PLATFORM}\" clean\n\txcodebuild -project \"${PROJECT_FILE_PATH}\" -target \"${TARGET_NAME}\" -configuration \"${CONFIGURATION}\" -sdk ${UFW_OTHER_PLATFORM}${UFW_SDK_VERSION} BUILD_DIR=\"${BUILD_DIR}\" CONFIGURATION_TEMP_DIR=\"${PROJECT_TEMP_DIR}/${CONFIGURATION}-${UFW_OTHER_PLATFORM}\" clean\nfi\n\n\n# Make sure we are building from fresh binaries\n\nrm -rf \"${BUILT_PRODUCTS_DIR}/${EXECUTABLE_PATH}\"\nrm -rf \"${BUILT_PRODUCTS_DIR}/${PRODUCT_NAME}.embeddedframework\"\n\nif [[ \"${ONLY_ACTIVE_PLATFORM}\" != \"YES\" ]]\nthen\n    rm -rf \"${UFW_OTHER_BUILT_PRODUCTS_DIR}/${EXECUTABLE_PATH}\"\n    rm -rf \"${UFW_OTHER_BUILT_PRODUCTS_DIR}/${PRODUCT_NAME}.embeddedframework\"\nfi\n";
		};
		C880536316F2B80E009C81F7 /* ShellScript */ = {
			isa = PBXShellScriptBuildPhase;
			buildActionMask = 2147483647;
			files = (
			);
			inputPaths = (
			);
			outputPaths = (
			);
			runOnlyForDeploymentPostprocessing = 0;
			shellPath = /bin/sh;
			shellScript = "HEADERS_ROOT=$SRCROOT/$PRODUCT_NAME\nFRAMEWORK_HEADERS_DIR=\"$BUILT_PRODUCTS_DIR/$WRAPPER_NAME/Versions/$FRAMEWORK_VERSION/Headers\"\n\n## only header files expected at this point\nPUBLIC_HEADERS=$(find $FRAMEWORK_HEADERS_DIR/. -not -type d 2> /dev/null | sed -e \"s@.*/@@g\")\n\nFIND_OPTS=\"\"\nfor PUBLIC_HEADER in $PUBLIC_HEADERS; do\n  if [ -n \"$FIND_OPTS\" ]; then\n    FIND_OPTS=\"$FIND_OPTS -o\"\n  fi\n  FIND_OPTS=\"$FIND_OPTS -name '$PUBLIC_HEADER'\"\ndone\n\nif [ -n \"$FIND_OPTS\" ]; then\n  for ORIG_HEADER in $(eval \"find $HEADERS_ROOT/. $FIND_OPTS\" 2> /dev/null | sed -e \"s@^$HEADERS_ROOT/./@@g\"); do\n    PUBLIC_HEADER=$(basename $ORIG_HEADER)\n    RELATIVE_PATH=$(dirname $ORIG_HEADER)\n    if [ -e $FRAMEWORK_HEADERS_DIR/$PUBLIC_HEADER ]; then\n      mkdir -p \"$FRAMEWORK_HEADERS_DIR/$RELATIVE_PATH\"\n      mv \"$FRAMEWORK_HEADERS_DIR/$PUBLIC_HEADER\" \"$FRAMEWORK_HEADERS_DIR/$RELATIVE_PATH/$PUBLIC_HEADER\"\n    fi\n  done\nfi\n";
		};
		C880536416F2B80E009C81F7 /* ShellScript */ = {
			isa = PBXShellScriptBuildPhase;
			buildActionMask = 2147483647;
			files = (
			);
			inputPaths = (
			);
			outputPaths = (
			);
			runOnlyForDeploymentPostprocessing = 0;
			shellPath = /bin/sh;
			shellScript = "set -e\n\nset +u\nif [[ $UFW_MASTER_SCRIPT_RUNNING ]]\nthen\n    # Nothing for the slave script to do\n    exit 0\nfi\nset -u\nexport UFW_MASTER_SCRIPT_RUNNING=1\n\n\n# Functions\n\n## List files in the specified directory, storing to the specified array.\n#\n# @param $1 The path to list\n# @param $2 The name of the array to fill\n#\n##\nlist_files ()\n{\n    filelist=$(ls \"$1\")\n    while read line\n    do\n        eval \"$2[\\${#$2[*]}]=\\\"\\$line\\\"\"\n    done <<< \"$filelist\"\n}\n\n\n# Sanity check\n\nif [[ ! -f \"${BUILT_PRODUCTS_DIR}/${EXECUTABLE_PATH}\" ]]\nthen\n    echo \"Framework target \\\"${TARGET_NAME}\\\" had no source files to build from. Make sure your source files have the correct target membership\"\n    exit 1\nfi\n\n\n# Gather information\n\nif [[ \"$SDK_NAME\" =~ ([A-Za-z]+) ]]\nthen\n    UFW_SDK_PLATFORM=${BASH_REMATCH[1]}\nelse\n    echo \"Could not find platform name from SDK_NAME: $SDK_NAME\"\n    exit 1\nfi\n\nif [[ \"$SDK_NAME\" =~ ([0-9]+.*$) ]]\nthen\n    UFW_SDK_VERSION=${BASH_REMATCH[1]}\nelse\n    echo \"Could not find sdk version from SDK_NAME: $SDK_NAME\"\n    exit 1\nfi\n\nif [[ \"$UFW_SDK_PLATFORM\" = \"iphoneos\" ]]\nthen\n    UFW_OTHER_PLATFORM=iphonesimulator\nelse\n    UFW_OTHER_PLATFORM=iphoneos\nfi\n\nif [[ \"$BUILT_PRODUCTS_DIR\" =~ (.*)$UFW_SDK_PLATFORM$ ]]\nthen\n    UFW_OTHER_BUILT_PRODUCTS_DIR=\"${BASH_REMATCH[1]}${UFW_OTHER_PLATFORM}\"\nelse\n    echo \"Could not find $UFW_SDK_PLATFORM in $BUILT_PRODUCTS_DIR\"\n    exit 1\nfi\n\nONLY_ACTIVE_PLATFORM=${ONLY_ACTIVE_PLATFORM:-$ONLY_ACTIVE_ARCH}\n\n# Short-circuit if all binaries are up to date.\n# We already checked the other platform in the prerun script.\n\nif [[ -f \"${BUILT_PRODUCTS_DIR}/${EXECUTABLE_PATH}\" ]] && [[ -f \"${BUILT_PRODUCTS_DIR}/${PRODUCT_NAME}.embeddedframework/${EXECUTABLE_PATH}\" ]] && [[ ! \"${BUILT_PRODUCTS_DIR}/${EXECUTABLE_PATH}\" -nt \"${BUILT_PRODUCTS_DIR}/${PRODUCT_NAME}.embeddedframework/${EXECUTABLE_PATH}\" ]]\nthen\n    exit 0\nfi\n\nif [ \"${ONLY_ACTIVE_PLATFORM}\" == \"YES\" ]\nthen\n    echo \"ONLY_ACTIVE_PLATFORM=${ONLY_ACTIVE_PLATFORM}: Skipping other platform build\"\nelse\n    # Make sure the other platform gets built\n    \n    echo \"Build other platform\"\n    \n    echo xcodebuild -project \"${PROJECT_FILE_PATH}\" -target \"${TARGET_NAME}\" -configuration \"${CONFIGURATION}\" -sdk ${UFW_OTHER_PLATFORM}${UFW_SDK_VERSION} BUILD_DIR=\"${BUILD_DIR}\" CONFIGURATION_TEMP_DIR=\"${PROJECT_TEMP_DIR}/${CONFIGURATION}-${UFW_OTHER_PLATFORM}\" $ACTION\n    xcodebuild -project \"${PROJECT_FILE_PATH}\" -target \"${TARGET_NAME}\" -configuration \"${CONFIGURATION}\" -sdk ${UFW_OTHER_PLATFORM}${UFW_SDK_VERSION} BUILD_DIR=\"${BUILD_DIR}\" CONFIGURATION_TEMP_DIR=\"${PROJECT_TEMP_DIR}/${CONFIGURATION}-${UFW_OTHER_PLATFORM}\" $ACTION\n    \n    \n    # Build the fat static library binary\n    \n    echo \"Create universal static library\"\n    \n    echo \"$PLATFORM_DEVELOPER_BIN_DIR/libtool\" -static \"${BUILT_PRODUCTS_DIR}/${EXECUTABLE_PATH}\" \"${UFW_OTHER_BUILT_PRODUCTS_DIR}/${EXECUTABLE_PATH}\" -o \"${BUILT_PRODUCTS_DIR}/${EXECUTABLE_PATH}.temp\"\n    \"$PLATFORM_DEVELOPER_BIN_DIR/libtool\" -static \"${BUILT_PRODUCTS_DIR}/${EXECUTABLE_PATH}\" \"${UFW_OTHER_BUILT_PRODUCTS_DIR}/${EXECUTABLE_PATH}\" -o \"${BUILT_PRODUCTS_DIR}/${EXECUTABLE_PATH}.temp\"\n    \n    echo mv \"${BUILT_PRODUCTS_DIR}/${EXECUTABLE_PATH}.temp\" \"${BUILT_PRODUCTS_DIR}/${EXECUTABLE_PATH}\"\n    mv \"${BUILT_PRODUCTS_DIR}/${EXECUTABLE_PATH}.temp\" \"${BUILT_PRODUCTS_DIR}/${EXECUTABLE_PATH}\"\nfi\n\n# Build embedded framework structure\n\necho \"Build Embedded Framework\"\n\necho rm -rf \"${BUILT_PRODUCTS_DIR}/${PRODUCT_NAME}.embeddedframework\"\nrm -rf \"${BUILT_PRODUCTS_DIR}/${PRODUCT_NAME}.embeddedframework\"\necho mkdir -p \"${BUILT_PRODUCTS_DIR}/${PRODUCT_NAME}.embeddedframework/Resources\"\nmkdir -p \"${BUILT_PRODUCTS_DIR}/${PRODUCT_NAME}.embeddedframework/Resources\"\necho cp -a \"${BUILT_PRODUCTS_DIR}/${WRAPPER_NAME}\" \"${BUILT_PRODUCTS_DIR}/${PRODUCT_NAME}.embeddedframework/\"\ncp -a \"${BUILT_PRODUCTS_DIR}/${WRAPPER_NAME}\" \"${BUILT_PRODUCTS_DIR}/${PRODUCT_NAME}.embeddedframework/\"\n\ndeclare -a UFW_FILE_LIST\nlist_files \"${BUILT_PRODUCTS_DIR}/${UNLOCALIZED_RESOURCES_FOLDER_PATH}\" UFW_FILE_LIST\nfor filename in \"${UFW_FILE_LIST[@]}\"\ndo\n    if [[ \"${filename}\" != \"Info.plist\" ]] && [[ ! \"${filename}\" =~ .*\\.lproj$ ]]\n    then\n        echo ln -sfh \"../${WRAPPER_NAME}/Resources/${filename}\" \"${BUILT_PRODUCTS_DIR}/${PRODUCT_NAME}.embeddedframework/Resources/${filename}\"\n        ln -sfh \"../${WRAPPER_NAME}/Resources/${filename}\" \"${BUILT_PRODUCTS_DIR}/${PRODUCT_NAME}.embeddedframework/Resources/${filename}\"\n    fi\ndone\n\n\nif [ \"${ONLY_ACTIVE_PLATFORM}\" != \"YES\" ]\nthen\n    # Replace other platform's framework with a copy of this one (so that both have the same universal binary)\n    \n    echo \"Copy from $UFW_SDK_PLATFORM to $UFW_OTHER_PLATFORM\"\n    \n    echo rm -rf \"${BUILD_DIR}/${CONFIGURATION}-${UFW_OTHER_PLATFORM}\"\n    rm -rf \"${BUILD_DIR}/${CONFIGURATION}-${UFW_OTHER_PLATFORM}\"\n    echo cp -a \"${BUILD_DIR}/${CONFIGURATION}-${UFW_SDK_PLATFORM}\" \"${BUILD_DIR}/${CONFIGURATION}-${UFW_OTHER_PLATFORM}\"\n    cp -a \"${BUILD_DIR}/${CONFIGURATION}-${UFW_SDK_PLATFORM}\" \"${BUILD_DIR}/${CONFIGURATION}-${UFW_OTHER_PLATFORM}\"\nfi\n";
		};
/* End PBXShellScriptBuildPhase section */

/* Begin PBXSourcesBuildPhase section */
		C880535F16F2B80E009C81F7 /* Sources */ = {
			isa = PBXSourcesBuildPhase;
			buildActionMask = 2147483647;
			files = (
				C88053CA16F2B84A009C81F7 /* ASIAuthenticationDialog.m in Sources */,
				C88053CD16F2B84A009C81F7 /* ASIDataCompressor.m in Sources */,
				C88053CF16F2B84A009C81F7 /* ASIDataDecompressor.m in Sources */,
				C88053D116F2B84A009C81F7 /* ASIDownloadCache.m in Sources */,
				C88053D316F2B84A009C81F7 /* ASIFormDataRequest.m in Sources */,
				C88053D516F2B84A009C81F7 /* ASIHTTPRequest.m in Sources */,
				C88053D916F2B84A009C81F7 /* ASIInputStream.m in Sources */,
				C88053DB16F2B84A009C81F7 /* ASINetworkQueue.m in Sources */,
				C88053DE16F2B84A009C81F7 /* ASIWebPageRequest.m in Sources */,
				C88053E016F2B84A009C81F7 /* ASICloudFilesCDNRequest.m in Sources */,
				C88053E216F2B84A009C81F7 /* ASICloudFilesContainer.m in Sources */,
				C88053E416F2B84A009C81F7 /* ASICloudFilesContainerRequest.m in Sources */,
				C88053E616F2B84A009C81F7 /* ASICloudFilesContainerXMLParserDelegate.m in Sources */,
				C88053E816F2B84A009C81F7 /* ASICloudFilesObject.m in Sources */,
				C88053EA16F2B84A009C81F7 /* ASICloudFilesObjectRequest.m in Sources */,
				C88053EC16F2B84A009C81F7 /* ASICloudFilesRequest.m in Sources */,
				C88053EF16F2B84A009C81F7 /* ASIS3Bucket.m in Sources */,
				C88053F116F2B84A009C81F7 /* ASIS3BucketObject.m in Sources */,
				C88053F316F2B84A009C81F7 /* ASIS3BucketRequest.m in Sources */,
				C88053F516F2B84A009C81F7 /* ASIS3ObjectRequest.m in Sources */,
				C88053F716F2B84A009C81F7 /* ASIS3Request.m in Sources */,
				C88053F916F2B84A009C81F7 /* ASIS3ServiceRequest.m in Sources */,
				C880542D16F2B9C1009C81F7 /* Reachability.m in Sources */,
			);
			runOnlyForDeploymentPostprocessing = 0;
		};
/* End PBXSourcesBuildPhase section */

/* Begin PBXVariantGroup section */
		C880536E16F2B80E009C81F7 /* InfoPlist.strings */ = {
			isa = PBXVariantGroup;
			children = (
				C880536F16F2B80E009C81F7 /* en */,
			);
			name = InfoPlist.strings;
			sourceTree = "<group>";
		};
/* End PBXVariantGroup section */

/* Begin XCBuildConfiguration section */
		C880537216F2B80E009C81F7 /* Debug */ = {
			isa = XCBuildConfiguration;
			buildSettings = {
				ALWAYS_SEARCH_USER_PATHS = NO;
				CLANG_CXX_LANGUAGE_STANDARD = "gnu++0x";
				CLANG_CXX_LIBRARY = "libc++";
				CLANG_ENABLE_OBJC_ARC = YES;
				CLANG_WARN_EMPTY_BODY = YES;
				CLANG_WARN__DUPLICATE_METHOD_MATCH = YES;
				COPY_PHASE_STRIP = NO;
				GCC_C_LANGUAGE_STANDARD = gnu99;
				GCC_DYNAMIC_NO_PIC = NO;
				GCC_OPTIMIZATION_LEVEL = 0;
				GCC_PREPROCESSOR_DEFINITIONS = (
					"DEBUG=1",
					"$(inherited)",
				);
				GCC_SYMBOLS_PRIVATE_EXTERN = NO;
				GCC_WARN_ABOUT_RETURN_TYPE = YES;
				GCC_WARN_UNINITIALIZED_AUTOS = YES;
				GCC_WARN_UNUSED_VARIABLE = YES;
				IPHONEOS_DEPLOYMENT_TARGET = 6.0;
				ONLY_ACTIVE_ARCH = YES;
				SDKROOT = iphoneos;
			};
			name = Debug;
		};
		C880537316F2B80E009C81F7 /* Release */ = {
			isa = XCBuildConfiguration;
			buildSettings = {
				ALWAYS_SEARCH_USER_PATHS = NO;
				CLANG_CXX_LANGUAGE_STANDARD = "gnu++0x";
				CLANG_CXX_LIBRARY = "libc++";
				CLANG_ENABLE_OBJC_ARC = YES;
				CLANG_WARN_EMPTY_BODY = YES;
				CLANG_WARN__DUPLICATE_METHOD_MATCH = YES;
				COPY_PHASE_STRIP = YES;
				GCC_C_LANGUAGE_STANDARD = gnu99;
				GCC_WARN_ABOUT_RETURN_TYPE = YES;
				GCC_WARN_UNINITIALIZED_AUTOS = YES;
				GCC_WARN_UNUSED_VARIABLE = YES;
				IPHONEOS_DEPLOYMENT_TARGET = 6.0;
				SDKROOT = iphoneos;
				VALIDATE_PRODUCT = YES;
			};
			name = Release;
		};
		C880537516F2B80E009C81F7 /* Debug */ = {
			isa = XCBuildConfiguration;
			buildSettings = {
				ARCHS = (
					armv6,
					"$(ARCHS_STANDARD_32_BIT)",
				);
				CLANG_ENABLE_OBJC_ARC = NO;
				DYLIB_COMPATIBILITY_VERSION = 1;
				DYLIB_CURRENT_VERSION = 1;
				FRAMEWORK_VERSION = A;
				GCC_PRECOMPILE_PREFIX_HEADER = YES;
				GCC_PREFIX_HEADER = "ASIHTTPRequest/ASIHTTPRequest-Prefix.pch";
				"HEADER_SEARCH_PATHS[arch=*]" = "${SDK_DIR}/usr/include/libxml2";
				INFOPLIST_FILE = "ASIHTTPRequest/ASIHTTPRequest-Info.plist";
				PRODUCT_NAME = "$(TARGET_NAME)";
				SKIP_INSTALL = YES;
				WRAPPER_EXTENSION = framework;
			};
			name = Debug;
		};
		C880537616F2B80E009C81F7 /* Release */ = {
			isa = XCBuildConfiguration;
			buildSettings = {
				ARCHS = (
					armv6,
					"$(ARCHS_STANDARD_32_BIT)",
				);
				CLANG_ENABLE_OBJC_ARC = NO;
				DYLIB_COMPATIBILITY_VERSION = 1;
				DYLIB_CURRENT_VERSION = 1;
				FRAMEWORK_VERSION = A;
				GCC_PRECOMPILE_PREFIX_HEADER = YES;
				GCC_PREFIX_HEADER = "ASIHTTPRequest/ASIHTTPRequest-Prefix.pch";
				"HEADER_SEARCH_PATHS[arch=*]" = "${SDK_DIR}/usr/include/libxml2";
				INFOPLIST_FILE = "ASIHTTPRequest/ASIHTTPRequest-Info.plist";
				PRODUCT_NAME = "$(TARGET_NAME)";
				SKIP_INSTALL = YES;
				WRAPPER_EXTENSION = framework;
			};
			name = Release;
		};
/* End XCBuildConfiguration section */

/* Begin XCConfigurationList section */
		C880535C16F2B80E009C81F7 /* Build configuration list for PBXProject "ASIHTTPRequest" */ = {
			isa = XCConfigurationList;
			buildConfigurations = (
				C880537216F2B80E009C81F7 /* Debug */,
				C880537316F2B80E009C81F7 /* Release */,
			);
			defaultConfigurationIsVisible = 0;
			defaultConfigurationName = Release;
		};
		C880537416F2B80E009C81F7 /* Build configuration list for PBXNativeTarget "ASIHTTPRequest" */ = {
			isa = XCConfigurationList;
			buildConfigurations = (
				C880537516F2B80E009C81F7 /* Debug */,
				C880537616F2B80E009C81F7 /* Release */,
			);
			defaultConfigurationIsVisible = 0;
		};
/* End XCConfigurationList section */
	};
	rootObject = C880535916F2B80E009C81F7 /* Project object */;
}
